// !$*UTF8*$!
{
	archiveVersion = 1;
	classes = {
	};
	objectVersion = 55;
	objects = {

/* Begin PBXBuildFile section */
		D3CF8D3928285A5100BECFC0 /* AppDelegate.swift in Sources */ = {isa = PBXBuildFile; fileRef = D3CF8D3828285A5100BECFC0 /* AppDelegate.swift */; };
		D3CF8D3B28285A5100BECFC0 /* SceneDelegate.swift in Sources */ = {isa = PBXBuildFile; fileRef = D3CF8D3A28285A5100BECFC0 /* SceneDelegate.swift */; };
		D3CF8D4228285A5300BECFC0 /* Assets.xcassets in Resources */ = {isa = PBXBuildFile; fileRef = D3CF8D4128285A5300BECFC0 /* Assets.xcassets */; };
		D3CF8D4528285A5300BECFC0 /* LaunchScreen.storyboard in Resources */ = {isa = PBXBuildFile; fileRef = D3CF8D4328285A5300BECFC0 /* LaunchScreen.storyboard */; };
		D3CF8D4E28285AED00BECFC0 /* HomeViewController.swift in Sources */ = {isa = PBXBuildFile; fileRef = D3CF8D4C28285AED00BECFC0 /* HomeViewController.swift */; };
		D3CF8D4F28285AED00BECFC0 /* HomeViewController.xib in Resources */ = {isa = PBXBuildFile; fileRef = D3CF8D4D28285AED00BECFC0 /* HomeViewController.xib */; };
		D3CF8D5128285D3300BECFC0 /* Coordinator.swift in Sources */ = {isa = PBXBuildFile; fileRef = D3CF8D5028285D3300BECFC0 /* Coordinator.swift */; };
		D3CF8D5328285D6600BECFC0 /* AppCoordinator.swift in Sources */ = {isa = PBXBuildFile; fileRef = D3CF8D5228285D6600BECFC0 /* AppCoordinator.swift */; };
		D3CF8D552829FB0E00BECFC0 /* ApiError.swift in Sources */ = {isa = PBXBuildFile; fileRef = D3CF8D542829FB0E00BECFC0 /* ApiError.swift */; };
		D3CF8D572829FB2100BECFC0 /* ApiManager.swift in Sources */ = {isa = PBXBuildFile; fileRef = D3CF8D562829FB2100BECFC0 /* ApiManager.swift */; };
/* End PBXBuildFile section */

/* Begin PBXFileReference section */
		D3CF8D3528285A5100BECFC0 /* practiceProject.app */ = {isa = PBXFileReference; explicitFileType = wrapper.application; includeInIndex = 0; path = practiceProject.app; sourceTree = BUILT_PRODUCTS_DIR; };
		D3CF8D3828285A5100BECFC0 /* AppDelegate.swift */ = {isa = PBXFileReference; lastKnownFileType = sourcecode.swift; path = AppDelegate.swift; sourceTree = "<group>"; };
		D3CF8D3A28285A5100BECFC0 /* SceneDelegate.swift */ = {isa = PBXFileReference; lastKnownFileType = sourcecode.swift; path = SceneDelegate.swift; sourceTree = "<group>"; };
		D3CF8D4128285A5300BECFC0 /* Assets.xcassets */ = {isa = PBXFileReference; lastKnownFileType = folder.assetcatalog; path = Assets.xcassets; sourceTree = "<group>"; };
		D3CF8D4428285A5300BECFC0 /* Base */ = {isa = PBXFileReference; lastKnownFileType = file.storyboard; name = Base; path = Base.lproj/LaunchScreen.storyboard; sourceTree = "<group>"; };
		D3CF8D4628285A5300BECFC0 /* Info.plist */ = {isa = PBXFileReference; lastKnownFileType = text.plist.xml; path = Info.plist; sourceTree = "<group>"; };
		D3CF8D4C28285AED00BECFC0 /* HomeViewController.swift */ = {isa = PBXFileReference; lastKnownFileType = sourcecode.swift; path = HomeViewController.swift; sourceTree = "<group>"; };
		D3CF8D4D28285AED00BECFC0 /* HomeViewController.xib */ = {isa = PBXFileReference; lastKnownFileType = file.xib; path = HomeViewController.xib; sourceTree = "<group>"; };
		D3CF8D5028285D3300BECFC0 /* Coordinator.swift */ = {isa = PBXFileReference; lastKnownFileType = sourcecode.swift; path = Coordinator.swift; sourceTree = "<group>"; };
		D3CF8D5228285D6600BECFC0 /* AppCoordinator.swift */ = {isa = PBXFileReference; lastKnownFileType = sourcecode.swift; path = AppCoordinator.swift; sourceTree = "<group>"; };
		D3CF8D542829FB0E00BECFC0 /* ApiError.swift */ = {isa = PBXFileReference; lastKnownFileType = sourcecode.swift; path = ApiError.swift; sourceTree = "<group>"; };
		D3CF8D562829FB2100BECFC0 /* ApiManager.swift */ = {isa = PBXFileReference; lastKnownFileType = sourcecode.swift; path = ApiManager.swift; sourceTree = "<group>"; };
/* End PBXFileReference section */

/* Begin PBXFrameworksBuildPhase section */
		D3CF8D3228285A5100BECFC0 /* Frameworks */ = {
			isa = PBXFrameworksBuildPhase;
			buildActionMask = 2147483647;
			files = (
			);
			runOnlyForDeploymentPostprocessing = 0;
		};
/* End PBXFrameworksBuildPhase section */

/* Begin PBXGroup section */
		D3CF8D2C28285A5100BECFC0 = {
			isa = PBXGroup;
			children = (
				D3CF8D3728285A5100BECFC0 /* practiceProject */,
				D3CF8D3628285A5100BECFC0 /* Products */,
			);
			sourceTree = "<group>";
		};
		D3CF8D3628285A5100BECFC0 /* Products */ = {
			isa = PBXGroup;
			children = (
				D3CF8D3528285A5100BECFC0 /* practiceProject.app */,
			);
			name = Products;
			sourceTree = "<group>";
		};
		D3CF8D3728285A5100BECFC0 /* practiceProject */ = {
			isa = PBXGroup;
			children = (
				D3CF8D3828285A5100BECFC0 /* AppDelegate.swift */,
				D3CF8D3A28285A5100BECFC0 /* SceneDelegate.swift */,
				D3CF8D4128285A5300BECFC0 /* Assets.xcassets */,
				D3CF8D4328285A5300BECFC0 /* LaunchScreen.storyboard */,
				D3CF8D4628285A5300BECFC0 /* Info.plist */,
				D3CF8D4C28285AED00BECFC0 /* HomeViewController.swift */,
				D3CF8D4D28285AED00BECFC0 /* HomeViewController.xib */,
				D3CF8D5028285D3300BECFC0 /* Coordinator.swift */,
				D3CF8D5228285D6600BECFC0 /* AppCoordinator.swift */,
				D3CF8D542829FB0E00BECFC0 /* ApiError.swift */,
				D3CF8D562829FB2100BECFC0 /* ApiManager.swift */,
			);
			path = practiceProject;
			sourceTree = "<group>";
		};
/* End PBXGroup section */

/* Begin PBXNativeTarget section */
		D3CF8D3428285A5100BECFC0 /* practiceProject */ = {
			isa = PBXNativeTarget;
			buildConfigurationList = D3CF8D4928285A5300BECFC0 /* Build configuration list for PBXNativeTarget "practiceProject" */;
			buildPhases = (
				D3CF8D3128285A5100BECFC0 /* Sources */,
				D3CF8D3228285A5100BECFC0 /* Frameworks */,
				D3CF8D3328285A5100BECFC0 /* Resources */,
			);
			buildRules = (
			);
			dependencies = (
			);
			name = practiceProject;
			productName = practiceProject;
			productReference = D3CF8D3528285A5100BECFC0 /* practiceProject.app */;
			productType = "com.apple.product-type.application";
		};
/* End PBXNativeTarget section */

/* Begin PBXProject section */
		D3CF8D2D28285A5100BECFC0 /* Project object */ = {
			isa = PBXProject;
			attributes = {
				BuildIndependentTargetsInParallel = 1;
				LastSwiftUpdateCheck = 1310;
				LastUpgradeCheck = 1310;
				TargetAttributes = {
					D3CF8D3428285A5100BECFC0 = {
						CreatedOnToolsVersion = 13.1;
					};
				};
			};
			buildConfigurationList = D3CF8D3028285A5100BECFC0 /* Build configuration list for PBXProject "practiceProject" */;
			compatibilityVersion = "Xcode 13.0";
			developmentRegion = en;
			hasScannedForEncodings = 0;
			knownRegions = (
				en,
				Base,
			);
			mainGroup = D3CF8D2C28285A5100BECFC0;
			productRefGroup = D3CF8D3628285A5100BECFC0 /* Products */;
			projectDirPath = "";
			projectRoot = "";
			targets = (
				D3CF8D3428285A5100BECFC0 /* practiceProject */,
			);
		};
/* End PBXProject section */

/* Begin PBXResourcesBuildPhase section */
		D3CF8D3328285A5100BECFC0 /* Resources */ = {
			isa = PBXResourcesBuildPhase;
			buildActionMask = 2147483647;
			files = (
				D3CF8D4528285A5300BECFC0 /* LaunchScreen.storyboard in Resources */,
				D3CF8D4228285A5300BECFC0 /* Assets.xcassets in Resources */,
				D3CF8D4F28285AED00BECFC0 /* HomeViewController.xib in Resources */,
			);
			runOnlyForDeploymentPostprocessing = 0;
		};
/* End PBXResourcesBuildPhase section */

/* Begin PBXSourcesBuildPhase section */
		D3CF8D3128285A5100BECFC0 /* Sources */ = {
			isa = PBXSourcesBuildPhase;
			buildActionMask = 2147483647;
			files = (
				D3CF8D5128285D3300BECFC0 /* Coordinator.swift in Sources */,
				D3CF8D3928285A5100BECFC0 /* AppDelegate.swift in Sources */,
				D3CF8D5328285D6600BECFC0 /* AppCoordinator.swift in Sources */,
				D3CF8D572829FB2100BECFC0 /* ApiManager.swift in Sources */,
				D3CF8D3B28285A5100BECFC0 /* SceneDelegate.swift in Sources */,
				D3CF8D4E28285AED00BECFC0 /* HomeViewController.swift in Sources */,
				D3CF8D552829FB0E00BECFC0 /* ApiError.swift in Sources */,
			);
			runOnlyForDeploymentPostprocessing = 0;
		};
/* End PBXSourcesBuildPhase section */

/* Begin PBXVariantGroup section */
		D3CF8D4328285A5300BECFC0 /* LaunchScreen.storyboard */ = {
			isa = PBXVariantGroup;
			children = (
				D3CF8D4428285A5300BECFC0 /* Base */,
			);
			name = LaunchScreen.storyboard;
			sourceTree = "<group>";
		};
/* End PBXVariantGroup section */

/* Begin XCBuildConfiguration section */
		D3CF8D4728285A5300BECFC0 /* Debug */ = {
			isa = XCBuildConfiguration;
			buildSettings = {
				ALWAYS_SEARCH_USER_PATHS = NO;
				CLANG_ANALYZER_NONNULL = YES;
				CLANG_ANALYZER_NUMBER_OBJECT_CONVERSION = YES_AGGRESSIVE;
				CLANG_CXX_LANGUAGE_STANDARD = "gnu++17";
				CLANG_CXX_LIBRARY = "libc++";
				CLANG_ENABLE_MODULES = YES;
				CLANG_ENABLE_OBJC_ARC = YES;
				CLANG_ENABLE_OBJC_WEAK = YES;
				CLANG_WARN_BLOCK_CAPTURE_AUTORELEASING = YES;
				CLANG_WARN_BOOL_CONVERSION = YES;
				CLANG_WARN_COMMA = YES;
				CLANG_WARN_CONSTANT_CONVERSION = YES;
				CLANG_WARN_DEPRECATED_OBJC_IMPLEMENTATIONS = YES;
				CLANG_WARN_DIRECT_OBJC_ISA_USAGE = YES_ERROR;
				CLANG_WARN_DOCUMENTATION_COMMENTS = YES;
				CLANG_WARN_EMPTY_BODY = YES;
				CLANG_WARN_ENUM_CONVERSION = YES;
				CLANG_WARN_INFINITE_RECURSION = YES;
				CLANG_WARN_INT_CONVERSION = YES;
				CLANG_WARN_NON_LITERAL_NULL_CONVERSION = YES;
				CLANG_WARN_OBJC_IMPLICIT_RETAIN_SELF = YES;
				CLANG_WARN_OBJC_LITERAL_CONVERSION = YES;
				CLANG_WARN_OBJC_ROOT_CLASS = YES_ERROR;
				CLANG_WARN_QUOTED_INCLUDE_IN_FRAMEWORK_HEADER = YES;
				CLANG_WARN_RANGE_LOOP_ANALYSIS = YES;
				CLANG_WARN_STRICT_PROTOTYPES = YES;
				CLANG_WARN_SUSPICIOUS_MOVE = YES;
				CLANG_WARN_UNGUARDED_AVAILABILITY = YES_AGGRESSIVE;
				CLANG_WARN_UNREACHABLE_CODE = YES;
				CLANG_WARN__DUPLICATE_METHOD_MATCH = YES;
				COPY_PHASE_STRIP = NO;
				DEBUG_INFORMATION_FORMAT = dwarf;
				ENABLE_STRICT_OBJC_MSGSEND = YES;
				ENABLE_TESTABILITY = YES;
				GCC_C_LANGUAGE_STANDARD = gnu11;
				GCC_DYNAMIC_NO_PIC = NO;
				GCC_NO_COMMON_BLOCKS = YES;
				GCC_OPTIMIZATION_LEVEL = 0;
				GCC_PREPROCESSOR_DEFINITIONS = (
					"DEBUG=1",
					"$(inherited)",
				);
				GCC_WARN_64_TO_32_BIT_CONVERSION = YES;
				GCC_WARN_ABOUT_RETURN_TYPE = YES_ERROR;
				GCC_WARN_UNDECLARED_SELECTOR = YES;
				GCC_WARN_UNINITIALIZED_AUTOS = YES_AGGRESSIVE;
				GCC_WARN_UNUSED_FUNCTION = YES;
				GCC_WARN_UNUSED_VARIABLE = YES;
				IPHONEOS_DEPLOYMENT_TARGET = 15.0;
				MTL_ENABLE_DEBUG_INFO = INCLUDE_SOURCE;
				MTL_FAST_MATH = YES;
				ONLY_ACTIVE_ARCH = YES;
				SDKROOT = iphoneos;
				SWIFT_ACTIVE_COMPILATION_CONDITIONS = DEBUG;
				SWIFT_OPTIMIZATION_LEVEL = "-Onone";
			};
			name = Debug;
		};
		D3CF8D4828285A5300BECFC0 /* Release */ = {
			isa = XCBuildConfiguration;
			buildSettings = {
				ALWAYS_SEARCH_USER_PATHS = NO;
				CLANG_ANALYZER_NONNULL = YES;
				CLANG_ANALYZER_NUMBER_OBJECT_CONVERSION = YES_AGGRESSIVE;
				CLANG_CXX_LANGUAGE_STANDARD = "gnu++17";
				CLANG_CXX_LIBRARY = "libc++";
				CLANG_ENABLE_MODULES = YES;
				CLANG_ENABLE_OBJC_ARC = YES;
				CLANG_ENABLE_OBJC_WEAK = YES;
				CLANG_WARN_BLOCK_CAPTURE_AUTORELEASING = YES;
				CLANG_WARN_BOOL_CONVERSION = YES;
				CLANG_WARN_COMMA = YES;
				CLANG_WARN_CONSTANT_CONVERSION = YES;
				CLANG_WARN_DEPRECATED_OBJC_IMPLEMENTATIONS = YES;
				CLANG_WARN_DIRECT_OBJC_ISA_USAGE = YES_ERROR;
				CLANG_WARN_DOCUMENTATION_COMMENTS = YES;
				CLANG_WARN_EMPTY_BODY = YES;
				CLANG_WARN_ENUM_CONVERSION = YES;
				CLANG_WARN_INFINITE_RECURSION = YES;
				CLANG_WARN_INT_CONVERSION = YES;
				CLANG_WARN_NON_LITERAL_NULL_CONVERSION = YES;
				CLANG_WARN_OBJC_IMPLICIT_RETAIN_SELF = YES;
				CLANG_WARN_OBJC_LITERAL_CONVERSION = YES;
				CLANG_WARN_OBJC_ROOT_CLASS = YES_ERROR;
				CLANG_WARN_QUOTED_INCLUDE_IN_FRAMEWORK_HEADER = YES;
				CLANG_WARN_RANGE_LOOP_ANALYSIS = YES;
				CLANG_WARN_STRICT_PROTOTYPES = YES;
				CLANG_WARN_SUSPICIOUS_MOVE = YES;
				CLANG_WARN_UNGUARDED_AVAILABILITY = YES_AGGRESSIVE;
				CLANG_WARN_UNREACHABLE_CODE = YES;
				CLANG_WARN__DUPLICATE_METHOD_MATCH = YES;
				COPY_PHASE_STRIP = NO;
				DEBUG_INFORMATION_FORMAT = "dwarf-with-dsym";
				ENABLE_NS_ASSERTIONS = NO;
				ENABLE_STRICT_OBJC_MSGSEND = YES;
				GCC_C_LANGUAGE_STANDARD = gnu11;
				GCC_NO_COMMON_BLOCKS = YES;
				GCC_WARN_64_TO_32_BIT_CONVERSION = YES;
				GCC_WARN_ABOUT_RETURN_TYPE = YES_ERROR;
				GCC_WARN_UNDECLARED_SELECTOR = YES;
				GCC_WARN_UNINITIALIZED_AUTOS = YES_AGGRESSIVE;
				GCC_WARN_UNUSED_FUNCTION = YES;
				GCC_WARN_UNUSED_VARIABLE = YES;
				IPHONEOS_DEPLOYMENT_TARGET = 15.0;
				MTL_ENABLE_DEBUG_INFO = NO;
				MTL_FAST_MATH = YES;
				SDKROOT = iphoneos;
				SWIFT_COMPILATION_MODE = wholemodule;
				SWIFT_OPTIMIZATION_LEVEL = "-O";
				VALIDATE_PRODUCT = YES;
			};
			name = Release;
		};
		D3CF8D4A28285A5300BECFC0 /* Debug */ = {
			isa = XCBuildConfiguration;
			buildSettings = {
				ASSETCATALOG_COMPILER_APPICON_NAME = AppIcon;
				ASSETCATALOG_COMPILER_GLOBAL_ACCENT_COLOR_NAME = AccentColor;
				CODE_SIGN_STYLE = Automatic;
				CURRENT_PROJECT_VERSION = 1;
				GENERATE_INFOPLIST_FILE = YES;
				INFOPLIST_FILE = practiceProject/Info.plist;
				INFOPLIST_KEY_UIApplicationSupportsIndirectInputEvents = YES;
				INFOPLIST_KEY_UILaunchStoryboardName = LaunchScreen;
				INFOPLIST_KEY_UISupportedInterfaceOrientations_iPad = "UIInterfaceOrientationPortrait UIInterfaceOrientationPortraitUpsideDown UIInterfaceOrientationLandscapeLeft UIInterfaceOrientationLandscapeRight";
				INFOPLIST_KEY_UISupportedInterfaceOrientations_iPhone = "UIInterfaceOrientationPortrait UIInterfaceOrientationLandscapeLeft UIInterfaceOrientationLandscapeRight";
				LD_RUNPATH_SEARCH_PATHS = (
					"$(inherited)",
					"@executable_path/Frameworks",
				);
				MARKETING_VERSION = 1.0;
				PRODUCT_BUNDLE_IDENTIFIER = test.practiceProject;
				PRODUCT_NAME = "$(TARGET_NAME)";
				SWIFT_EMIT_LOC_STRINGS = YES;
				SWIFT_VERSION = 5.0;
				TARGETED_DEVICE_FAMILY = "1,2";
			};
			name = Debug;
		};
		D3CF8D4B28285A5300BECFC0 /* Release */ = {
			isa = XCBuildConfiguration;
			buildSettings = {
				ASSETCATALOG_COMPILER_APPICON_NAME = AppIcon;
				ASSETCATALOG_COMPILER_GLOBAL_ACCENT_COLOR_NAME = AccentColor;
				CODE_SIGN_STYLE = Automatic;
				CURRENT_PROJECT_VERSION = 1;
				GENERATE_INFOPLIST_FILE = YES;
				INFOPLIST_FILE = practiceProject/Info.plist;
				INFOPLIST_KEY_UIApplicationSupportsIndirectInputEvents = YES;
				INFOPLIST_KEY_UILaunchStoryboardName = LaunchScreen;
				INFOPLIST_KEY_UISupportedInterfaceOrientations_iPad = "UIInterfaceOrientationPortrait UIInterfaceOrientationPortraitUpsideDown UIInterfaceOrientationLandscapeLeft UIInterfaceOrientationLandscapeRight";
				INFOPLIST_KEY_UISupportedInterfaceOrientations_iPhone = "UIInterfaceOrientationPortrait UIInterfaceOrientationLandscapeLeft UIInterfaceOrientationLandscapeRight";
				LD_RUNPATH_SEARCH_PATHS = (
					"$(inherited)",
					"@executable_path/Frameworks",
				);
				MARKETING_VERSION = 1.0;
				PRODUCT_BUNDLE_IDENTIFIER = test.practiceProject;
				PRODUCT_NAME = "$(TARGET_NAME)";
				SWIFT_EMIT_LOC_STRINGS = YES;
				SWIFT_VERSION = 5.0;
				TARGETED_DEVICE_FAMILY = "1,2";
			};
			name = Release;
		};
/* End XCBuildConfiguration section */

/* Begin XCConfigurationList section */
		D3CF8D3028285A5100BECFC0 /* Build configuration list for PBXProject "practiceProject" */ = {
			isa = XCConfigurationList;
			buildConfigurations = (
				D3CF8D4728285A5300BECFC0 /* Debug */,
				D3CF8D4828285A5300BECFC0 /* Release */,
			);
			defaultConfigurationIsVisible = 0;
			defaultConfigurationName = Release;
		};
		D3CF8D4928285A5300BECFC0 /* Build configuration list for PBXNativeTarget "practiceProject" */ = {
			isa = XCConfigurationList;
			buildConfigurations = (
				D3CF8D4A28285A5300BECFC0 /* Debug */,
				D3CF8D4B28285A5300BECFC0 /* Release */,
			);
			defaultConfigurationIsVisible = 0;
			defaultConfigurationName = Release;
		};
/* End XCConfigurationList section */
	};
	rootObject = D3CF8D2D28285A5100BECFC0 /* Project object */;
}
